
Microsoft Visual Studio Solution File, Format Version 12.00
# Visual Studio Version 17
VisualStudioVersion = 17.13.35818.85 d17.13
MinimumVisualStudioVersion = 10.0.40219.1
Project("{FAE04EC0-301F-11D3-BF4B-00C04F79EFBC}") = "ClubMembershipApplication", "ClubMembershipApplication.csproj", "{7D0BA9B6-37D7-4B1C-B203-5B8DA0F5FA08}"
EndProject
Global
	GlobalSection(SolutionConfigurationPlatforms) = preSolution
		Debug|Any CPU = Debug|Any CPU
		Release|Any CPU = Release|Any CPU
	EndGlobalSection
	GlobalSection(ProjectConfigurationPlatforms) = postSolution
		{7D0BA9B6-37D7-4B1C-B203-5B8DA0F5FA08}.Debug|Any CPU.ActiveCfg = Debug|Any CPU
		{7D0BA9B6-37D7-4B1C-B203-5B8DA0F5FA08}.Debug|Any CPU.Build.0 = Debug|Any CPU
		{7D0BA9B6-37D7-4B1C-B203-5B8DA0F5FA08}.Release|Any CPU.ActiveCfg = Release|Any CPU
		{7D0BA9B6-37D7-4B1C-B203-5B8DA0F5FA08}.Release|Any CPU.Build.0 = Release|Any CPU
	EndGlobalSection
	GlobalSection(SolutionProperties) = preSolution
		HideSolutionNode = FALSE
	EndGlobalSection
	GlobalSection(ExtensibilityGlobals) = postSolution
		SolutionGuid = {38A72F8A-7BAA-48A6-9253-E62D7E883D20}
	EndGlobalSection
EndGlobal
